
Microsoft Visual Studio Solution File, Format Version 12.00
# Visual Studio 15
VisualStudioVersion = 15.0.27703.2042
MinimumVisualStudioVersion = 10.0.40219.1
Project("{FAE04EC0-301F-11D3-BF4B-00C04F79EFBC}") = "ServiceBusTopicsAndSubs", "ServiceBusTopicsAndSubs\ServiceBusTopicsAndSubs.csproj", "{D50C3343-F024-4FB6-94FE-78899F57F619}"
EndProject
Global
	GlobalSection(SolutionConfigurationPlatforms) = preSolution
		Debug|Any CPU = Debug|Any CPU
		Release|Any CPU = Release|Any CPU
	EndGlobalSection
	GlobalSection(ProjectConfigurationPlatforms) = postSolution
		{D50C3343-F024-4FB6-94FE-78899F57F619}.Debug|Any CPU.ActiveCfg = Debug|Any CPU
		{D50C3343-F024-4FB6-94FE-78899F57F619}.Debug|Any CPU.Build.0 = Debug|Any CPU
		{D50C3343-F024-4FB6-94FE-78899F57F619}.Release|Any CPU.ActiveCfg = Release|Any CPU
		{D50C3343-F024-4FB6-94FE-78899F57F619}.Release|Any CPU.Build.0 = Release|Any CPU
	EndGlobalSection
	GlobalSection(SolutionProperties) = preSolution
		HideSolutionNode = FALSE
	EndGlobalSection
	GlobalSection(ExtensibilityGlobals) = postSolution
		SolutionGuid = {35B73935-4EB8-4BD0-AB95-E919463BF56E}
	EndGlobalSection
EndGlobal
